<?xml version="1.0" encoding="utf-8"?>
<Project ToolsVersion="4.0" xmlns="http://schemas.microsoft.com/developer/msbuild/2003">
  <ItemGroup>
    <ClCompile Include="source\memory.cpp" />
    <ClCompile Include="source\core.cpp" />
    <ClCompile Include="source\dllmain.cpp" />
    <ClCompile Include="source\kiero.cpp" />
    <ClCompile Include="source\ImGui\imgui.cpp">
      <Filter>ImGui</Filter>
    </ClCompile>
    <ClCompile Include="source\ImGui\imgui_draw.cpp">
      <Filter>ImGui</Filter>
    </ClCompile>
    <ClCompile Include="source\ImGui\imgui_tables.cpp">
      <Filter>ImGui</Filter>
    </ClCompile>
    <ClCompile Include="source\ImGui\imgui_widgets.cpp">
      <Filter>ImGui</Filter>
    </ClCompile>
    <ClCompile Include="source\ImGui\backends\imgui_impl_dx11.cpp">
      <Filter>ImGui\backends</Filter>
    </ClCompile>
    <ClCompile Include="source\ImGui\backends\imgui_impl_dx12.cpp">
      <Filter>ImGui\backends</Filter>
    </ClCompile>
    <ClCompile Include="source\ImGui\backends\imgui_impl_win32.cpp">
      <Filter>ImGui\backends</Filter>
    </ClCompile>
    <ClCompile Include="source\ImGui\impl\d3d11_impl.cpp">
      <Filter>ImGui\impl</Filter>
    </ClCompile>
    <ClCompile Include="source\ImGui\impl\win32_impl.cpp">
      <Filter>ImGui\impl</Filter>
    </ClCompile>
    <ClCompile Include="source\menu\camera.cpp">
      <Filter>menu</Filter>
    </ClCompile>
    <ClCompile Include="source\menu\menu.cpp">
      <Filter>menu</Filter>
    </ClCompile>
    <ClCompile Include="source\game_classes.cpp" />
    <ClCompile Include="source\hook.cpp" />
    <ClCompile Include="source\utils.cpp" />
    <ClCompile Include="source\sigscan\sigscan.cpp">
      <Filter>sigscan</Filter>
    </ClCompile>
    <ClCompile Include="source\ImGuiFileDialog\ImGuiFileDialog.cpp">
      <Filter>ImGuiFileDialog</Filter>
    </ClCompile>
    <ClCompile Include="source\ImGui\impl\d3d12_impl.cpp">
      <Filter>ImGui\impl</Filter>
    </ClCompile>
    <ClCompile Include="source\config\config.cpp">
      <Filter>config</Filter>
    </ClCompile>
    <ClCompile Include="source\menu\player.cpp">
      <Filter>menu</Filter>
    </ClCompile>
    <ClCompile Include="source\menu\world.cpp">
      <Filter>menu</Filter>
    </ClCompile>
    <ClCompile Include="source\ImGuiHotkeys\Hotkey.cpp">
      <Filter>ImGuiHotkeys</Filter>
    </ClCompile>
    <ClCompile Include="source\ImGuiEx\ImGuiEx.cpp">
      <Filter>ImGuiEx</Filter>
    </ClCompile>
  </ItemGroup>
  <ItemGroup>
    <ClInclude Include="source\memory.h" />
    <ClInclude Include="source\game_classes.h" />
    <ClInclude Include="source\print.h" />
    <ClInclude Include="source\kiero.h" />
    <ClInclude Include="source\MinHook\include\MinHook.h">
      <Filter>MinHook\include</Filter>
    </ClInclude>
    <ClInclude Include="source\ImGui\imconfig.h">
      <Filter>ImGui</Filter>
    </ClInclude>
    <ClInclude Include="source\ImGui\imgui.h">
      <Filter>ImGui</Filter>
    </ClInclude>
    <ClInclude Include="source\ImGui\imgui_internal.h">
      <Filter>ImGui</Filter>
    </ClInclude>
    <ClInclude Include="source\ImGui\imstb_rectpack.h">
      <Filter>ImGui</Filter>
    </ClInclude>
    <ClInclude Include="source\ImGui\imstb_textedit.h">
      <Filter>ImGui</Filter>
    </ClInclude>
    <ClInclude Include="source\ImGui\imstb_truetype.h">
      <Filter>ImGui</Filter>
    </ClInclude>
    <ClInclude Include="source\ImGui\backends\imgui_impl_dx11.h">
      <Filter>ImGui\backends</Filter>
    </ClInclude>
    <ClInclude Include="source\ImGui\backends\imgui_impl_dx12.h">
      <Filter>ImGui\backends</Filter>
    </ClInclude>
    <ClInclude Include="source\ImGui\backends\imgui_impl_win32.h">
      <Filter>ImGui\backends</Filter>
    </ClInclude>
    <ClInclude Include="source\ImGui\impl\d3d11_impl.h">
      <Filter>ImGui\impl</Filter>
    </ClInclude>
    <ClInclude Include="source\ImGui\impl\win32_impl.h">
      <Filter>ImGui\impl</Filter>
    </ClInclude>
    <ClInclude Include="source\menu\camera.h">
      <Filter>menu</Filter>
    </ClInclude>
    <ClInclude Include="source\menu\menu.h">
      <Filter>menu</Filter>
    </ClInclude>
    <ClInclude Include="source\hook.h" />
    <ClInclude Include="source\utils.h" />
    <ClInclude Include="source\sigscan\sigscan.h">
      <Filter>sigscan</Filter>
    </ClInclude>
    <ClInclude Include="source\sigscan\offsets.h">
      <Filter>sigscan</Filter>
    </ClInclude>
    <ClInclude Include="source\core.h" />
    <ClInclude Include="source\ImGuiFileDialog\ImGuiFileDialog.h">
      <Filter>ImGuiFileDialog</Filter>
    </ClInclude>
    <ClInclude Include="source\ImGuiFileDialog\ImGuiFileDialogConfig.h">
      <Filter>ImGuiFileDialog</Filter>
    </ClInclude>
    <ClInclude Include="source\ImGuiFileDialog\dirent\dirent.h">
      <Filter>ImGuiFileDialog\dirent</Filter>
    </ClInclude>
    <ClInclude Include="source\ImGuiFileDialog\stb\stb_image.h">
      <Filter>ImGuiFileDialog\stb</Filter>
    </ClInclude>
    <ClInclude Include="source\ImGuiFileDialog\stb\stb_image_resize.h">
      <Filter>ImGuiFileDialog\stb</Filter>
    </ClInclude>
    <ClInclude Include="source\ImGui\impl\d3d12_impl.h">
      <Filter>ImGui\impl</Filter>
    </ClInclude>
    <ClInclude Include="source\config\ini.h">
      <Filter>config</Filter>
    </ClInclude>
    <ClInclude Include="source\config\time_tools.h">
      <Filter>config</Filter>
    </ClInclude>
    <ClInclude Include="source\config\config.h">
      <Filter>config</Filter>
    </ClInclude>
    <ClInclude Include="source\menu\player.h">
      <Filter>menu</Filter>
    </ClInclude>
    <ClInclude Include="source\menu\world.h">
      <Filter>menu</Filter>
    </ClInclude>
    <ClInclude Include="source\ImGuiHotkeys\Hotkey.h">
      <Filter>ImGuiHotkeys</Filter>
    </ClInclude>
    <ClInclude Include="source\ImGuiEx\ImGuiEx.h">
      <Filter>ImGuiEx</Filter>
    </ClInclude>
  </ItemGroup>
  <ItemGroup>
    <Filter Include="MinHook">
      <UniqueIdentifier>{794284a1-160f-4b62-bfd0-d160dbb38e40}</UniqueIdentifier>
    </Filter>
    <Filter Include="MinHook\include">
      <UniqueIdentifier>{e697e380-6df5-4cfc-861e-e2b77ce03d39}</UniqueIdentifier>
    </Filter>
    <Filter Include="ImGui">
      <UniqueIdentifier>{8b35dc3d-fbec-4ae6-af90-4b9cc2b758e3}</UniqueIdentifier>
    </Filter>
    <Filter Include="ImGui\backends">
      <UniqueIdentifier>{70e27b28-a2be-49e4-a4a1-5ed696079ee0}</UniqueIdentifier>
    </Filter>
    <Filter Include="ImGui\impl">
      <UniqueIdentifier>{28cd5a16-84b1-4a9e-96a4-79fc75982912}</UniqueIdentifier>
    </Filter>
    <Filter Include="menu">
      <UniqueIdentifier>{775559c7-e9f6-49d5-a2d4-6458b99e8cd9}</UniqueIdentifier>
    </Filter>
    <Filter Include="sigscan">
      <UniqueIdentifier>{525740fe-17a7-431f-b020-720a1dc32e07}</UniqueIdentifier>
    </Filter>
    <Filter Include="ImGuiFileDialog">
      <UniqueIdentifier>{de465f41-9f72-477f-b27f-b2e79be85aee}</UniqueIdentifier>
    </Filter>
    <Filter Include="ImGuiFileDialog\dirent">
      <UniqueIdentifier>{3200ad89-3545-4059-8b77-8dde207ba3a4}</UniqueIdentifier>
    </Filter>
    <Filter Include="ImGuiFileDialog\stb">
      <UniqueIdentifier>{fc7f7021-7f6b-46f0-af79-efe792ae05a8}</UniqueIdentifier>
    </Filter>
    <Filter Include="config">
      <UniqueIdentifier>{50f832bc-5ff2-45db-8d20-e8f458c78596}</UniqueIdentifier>
    </Filter>
    <Filter Include="ImGuiHotkeys">
      <UniqueIdentifier>{1bf47e0a-f304-4b69-9662-60e65c2c3655}</UniqueIdentifier>
    </Filter>
    <Filter Include="ImGuiEx">
      <UniqueIdentifier>{c4339f5a-8efb-4f84-bb49-bd25a24d04d9}</UniqueIdentifier>
    </Filter>
  </ItemGroup>
</Project>