<?xml version="1.0" encoding="utf-8"?>
<Project ToolsVersion="4.0" xmlns="http://schemas.microsoft.com/developer/msbuild/2003">
  <ItemGroup>
    <Filter Include="include">
      <UniqueIdentifier>{f4198f95-30ff-4a21-9f95-580079972d1a}</UniqueIdentifier>
    </Filter>
    <Filter Include="src">
      <UniqueIdentifier>{6b6bc991-618b-4963-a637-2177b1d66e2d}</UniqueIdentifier>
    </Filter>
    <Filter Include="deps">
      <UniqueIdentifier>{f7e45d58-8da2-4206-ac28-0f5b99c33ce1}</UniqueIdentifier>
    </Filter>
    <Filter Include="deps\ImGui">
      <UniqueIdentifier>{18e11fbe-2cef-41f5-8fa9-ddafde4655f6}</UniqueIdentifier>
    </Filter>
    <Filter Include="deps\ImGui\misc">
      <UniqueIdentifier>{6f73cda3-8efb-43f6-bdb6-eb823087389f}</UniqueIdentifier>
    </Filter>
    <Filter Include="deps\ImGui\misc\freetype">
      <UniqueIdentifier>{9d04c0a6-2b1f-4158-8dc8-66833e8a721a}</UniqueIdentifier>
    </Filter>
    <Filter Include="deps\ImGui\backends">
      <UniqueIdentifier>{f24b42fd-6fcd-4b40-ab60-e4b32283e7a3}</UniqueIdentifier>
    </Filter>
    <Filter Include="deps\ImGuiFileDialog">
      <UniqueIdentifier>{f9c9cfae-e9e2-4dd2-a0f2-a0aae15b29a0}</UniqueIdentifier>
    </Filter>
    <Filter Include="include\Config">
      <UniqueIdentifier>{0b8f854c-e9f9-4b97-adce-cf664f97f6a9}</UniqueIdentifier>
    </Filter>
    <Filter Include="include\ImGui_impl">
      <UniqueIdentifier>{040a2d01-800a-4d65-bd9c-d0df18d0519c}</UniqueIdentifier>
    </Filter>
    <Filter Include="include\Menu">
      <UniqueIdentifier>{af3ed6c9-39d1-4c2f-a7e1-ee48bec53af0}</UniqueIdentifier>
    </Filter>
    <Filter Include="include\Utils">
      <UniqueIdentifier>{d04d59f5-7fca-4592-b96b-f16a046d5609}</UniqueIdentifier>
    </Filter>
    <Filter Include="include\Engine">
      <UniqueIdentifier>{39730c2f-430d-4d6a-93b9-97981fd5b61e}</UniqueIdentifier>
    </Filter>
    <Filter Include="src\Config">
      <UniqueIdentifier>{60a13ee4-5e1c-4c9e-8890-f8dbe5993919}</UniqueIdentifier>
    </Filter>
    <Filter Include="src\Core">
      <UniqueIdentifier>{97c31016-45aa-4212-a674-bdd01d50f727}</UniqueIdentifier>
    </Filter>
    <Filter Include="include\Core">
      <UniqueIdentifier>{4a22eca2-c72a-49ae-b578-02a2ad124f15}</UniqueIdentifier>
    </Filter>
    <Filter Include="src\Engine">
      <UniqueIdentifier>{16826615-b0a8-425b-bf5f-392e039e19ce}</UniqueIdentifier>
    </Filter>
    <Filter Include="src\GamePH">
      <UniqueIdentifier>{bf079516-8a79-42da-b44b-fcbbe7cb17c6}</UniqueIdentifier>
    </Filter>
    <Filter Include="src\ImGui_impl">
      <UniqueIdentifier>{ef13253f-45b7-4ef7-bac8-f3694d60f290}</UniqueIdentifier>
    </Filter>
    <Filter Include="src\Menu">
      <UniqueIdentifier>{6e739624-b26c-4f4e-b911-ab5a9c6ee1fc}</UniqueIdentifier>
    </Filter>
    <Filter Include="src\Menu\Menu">
      <UniqueIdentifier>{d08e62ef-b6f0-4bab-9fc8-f9cec6fcde99}</UniqueIdentifier>
    </Filter>
    <Filter Include="src\Utils">
      <UniqueIdentifier>{7170f228-254a-4cb7-8784-59baf69789d8}</UniqueIdentifier>
    </Filter>
    <Filter Include="include\GamePH">
      <UniqueIdentifier>{f334e27a-fb9d-4bf0-b3fa-692a6a8dfb39}</UniqueIdentifier>
    </Filter>
    <Filter Include="include\GamePH\Camera">
      <UniqueIdentifier>{0cce6f18-8551-47d4-8cd2-d736f24365e7}</UniqueIdentifier>
    </Filter>
    <Filter Include="include\GamePH\Misc">
      <UniqueIdentifier>{6945c8c3-c8e1-493b-a45c-aa5525e6e97d}</UniqueIdentifier>
    </Filter>
    <Filter Include="include\GamePH\Player">
      <UniqueIdentifier>{40ac6cb3-4a64-41ce-bf39-e7111acb7138}</UniqueIdentifier>
    </Filter>
    <Filter Include="include\GamePH\Teleport">
      <UniqueIdentifier>{01242413-ed13-44e1-ad95-3bd5c2a2808c}</UniqueIdentifier>
    </Filter>
    <Filter Include="include\GamePH\Weapon">
      <UniqueIdentifier>{0d512bf1-3c93-4a66-8619-8f1338f2e117}</UniqueIdentifier>
    </Filter>
    <Filter Include="include\GamePH\World">
      <UniqueIdentifier>{5db9a39c-4d9c-45d8-b14b-e4f798dd77be}</UniqueIdentifier>
    </Filter>
    <Filter Include="src\GamePH\Camera">
      <UniqueIdentifier>{d4c7bb90-0ba5-4f05-a1a2-8758bc6ea440}</UniqueIdentifier>
    </Filter>
    <Filter Include="src\GamePH\Misc">
      <UniqueIdentifier>{a3b22b0d-70a3-4d76-9ae2-d5f2c77ca5a7}</UniqueIdentifier>
    </Filter>
    <Filter Include="src\GamePH\Player">
      <UniqueIdentifier>{95123f94-f5d6-4bbd-ad4c-5864ec8ca5ff}</UniqueIdentifier>
    </Filter>
    <Filter Include="src\GamePH\Teleport">
      <UniqueIdentifier>{86db3148-5a61-4854-8db8-28d8f453d4f9}</UniqueIdentifier>
    </Filter>
    <Filter Include="src\GamePH\Weapon">
      <UniqueIdentifier>{61bb09ab-ee65-44f7-8206-a8a04453f2ef}</UniqueIdentifier>
    </Filter>
    <Filter Include="src\GamePH\World">
      <UniqueIdentifier>{9b1d6f27-76a8-4248-bec3-4eafc0347ccd}</UniqueIdentifier>
    </Filter>
  </ItemGroup>
  <ItemGroup>
    <ClCompile Include="deps\ImGui\imgui_hotkey.cpp">
      <Filter>deps\ImGui</Filter>
    </ClCompile>
    <ClCompile Include="deps\ImGui\imgui_tables.cpp">
      <Filter>deps\ImGui</Filter>
    </ClCompile>
    <ClCompile Include="deps\ImGui\imgui_widgets.cpp">
      <Filter>deps\ImGui</Filter>
    </ClCompile>
    <ClCompile Include="deps\ImGui\imgui.cpp">
      <Filter>deps\ImGui</Filter>
    </ClCompile>
    <ClCompile Include="deps\ImGui\imgui_draw.cpp">
      <Filter>deps\ImGui</Filter>
    </ClCompile>
    <ClCompile Include="deps\ImGui\misc\freetype\imgui_freetype.cpp">
      <Filter>deps\ImGui\misc\freetype</Filter>
    </ClCompile>
    <ClCompile Include="deps\ImGui\backends\imgui_impl_dx11.cpp">
      <Filter>deps\ImGui\backends</Filter>
    </ClCompile>
    <ClCompile Include="deps\ImGui\backends\imgui_impl_dx12.cpp">
      <Filter>deps\ImGui\backends</Filter>
    </ClCompile>
    <ClCompile Include="deps\ImGui\backends\imgui_impl_win32.cpp">
      <Filter>deps\ImGui\backends</Filter>
    </ClCompile>
    <ClCompile Include="deps\ImGuiFileDialog\ImGuiFileDialog.cpp">
      <Filter>deps\ImGuiFileDialog</Filter>
    </ClCompile>
    <ClCompile Include="src\dllmain.cpp">
      <Filter>src</Filter>
    </ClCompile>
    <ClCompile Include="src\Config\Config.cpp">
      <Filter>src\Config</Filter>
    </ClCompile>
    <ClCompile Include="src\Config\ConfigPaths.cpp">
      <Filter>src\Config</Filter>
    </ClCompile>
    <ClCompile Include="src\Config\SettingsStore.cpp">
      <Filter>src\Config</Filter>
    </ClCompile>
    <ClCompile Include="src\Config\TomlDocument.cpp">
      <Filter>src\Config</Filter>
    </ClCompile>
    <ClCompile Include="src\Config\TeleportStore.cpp">
      <Filter>src\Config</Filter>
    </ClCompile>
    <ClCompile Include="src\Core\Core.cpp">
      <Filter>src\Core</Filter>
    </ClCompile>
    <ClCompile Include="src\Engine\Engine_Hooks.cpp">
      <Filter>src\Engine</Filter>
    </ClCompile>
    <ClCompile Include="src\GamePH\GamePH_Hooks.cpp">
      <Filter>src\GamePH</Filter>
    </ClCompile>
    <ClCompile Include="src\GamePH\Camera\CameraFOV.cpp">
      <Filter>src\GamePH\Camera</Filter>
    </ClCompile>
    <ClCompile Include="src\GamePH\Camera\CameraFOVState.cpp">
      <Filter>src\GamePH\Camera</Filter>
    </ClCompile>
    <ClCompile Include="src\GamePH\Camera\CameraBaseFOVRuntime.cpp">
      <Filter>src\GamePH\Camera</Filter>
    </ClCompile>
    <ClCompile Include="src\GamePH\Camera\CameraGoProFOVRuntime.cpp">
      <Filter>src\GamePH\Camera</Filter>
    </ClCompile>
    <ClCompile Include="src\GamePH\Camera\CameraZoomFOVRuntime.cpp">
      <Filter>src\GamePH\Camera</Filter>
    </ClCompile>
    <ClCompile Include="src\GamePH\Camera\CameraFOVSyncRuntime.cpp">
      <Filter>src\GamePH\Camera</Filter>
    </ClCompile>
    <ClCompile Include="src\GamePH\Camera\CameraFreeCamRuntime.cpp">
      <Filter>src\GamePH\Camera</Filter>
    </ClCompile>
    <ClCompile Include="src\GamePH\Camera\CameraDollyRuntime.cpp">
      <Filter>src\GamePH\Camera</Filter>
    </ClCompile>
    <ClCompile Include="src\GamePH\Camera\CameraOptionStateRuntime.cpp">
      <Filter>src\GamePH\Camera</Filter>
    </ClCompile>
    <ClCompile Include="src\GamePH\Camera\CameraPlayerVarsRuntime.cpp">
      <Filter>src\GamePH\Camera</Filter>
    </ClCompile>
    <ClCompile Include="src\GamePH\Camera\CameraRuntime.cpp">
      <Filter>src\GamePH\Camera</Filter>
    </ClCompile>
    <ClCompile Include="src\GamePH\Camera\CameraTPPModelRuntime.cpp">
      <Filter>src\GamePH\Camera</Filter>
    </ClCompile>
    <ClCompile Include="src\GamePH\Misc\MiscRuntime.cpp">
      <Filter>src\GamePH\Misc</Filter>
    </ClCompile>
    <ClCompile Include="src\GamePH\Misc\MiscCVarsRuntime.cpp">
      <Filter>src\GamePH\Misc</Filter>
    </ClCompile>
    <ClCompile Include="src\GamePH\Misc\MiscHudRuntime.cpp">
      <Filter>src\GamePH\Misc</Filter>
    </ClCompile>
    <ClCompile Include="src\GamePH\Player\PlayerRuntime.cpp">
      <Filter>src\GamePH\Player</Filter>
    </ClCompile>
    <ClCompile Include="src\GamePH\Player\PlayerPositionRuntime.cpp">
      <Filter>src\GamePH\Player</Filter>
    </ClCompile>
    <ClCompile Include="src\GamePH\Player\PlayerRestrictionsRuntime.cpp">
      <Filter>src\GamePH\Player</Filter>
    </ClCompile>
    <ClCompile Include="src\GamePH\Player\PlayerStatsRuntime.cpp">
      <Filter>src\GamePH\Player</Filter>
    </ClCompile>
    <ClCompile Include="src\GamePH\Player\PlayerVarsRuntime.cpp">
      <Filter>src\GamePH\Player</Filter>
    </ClCompile>
    <ClCompile Include="src\GamePH\Teleport\TeleportRuntime.cpp">
      <Filter>src\GamePH\Teleport</Filter>
    </ClCompile>
    <ClCompile Include="src\GamePH\Teleport\TeleportHotkeysRuntime.cpp">
      <Filter>src\GamePH\Teleport</Filter>
    </ClCompile>
    <ClCompile Include="src\GamePH\Weapon\WeaponRuntime.cpp">
      <Filter>src\GamePH\Weapon</Filter>
    </ClCompile>
    <ClCompile Include="src\GamePH\Weapon\WeaponDurabilityRuntime.cpp">
      <Filter>src\GamePH\Weapon</Filter>
    </ClCompile>
    <ClCompile Include="src\GamePH\Weapon\WeaponVarsRuntime.cpp">
      <Filter>src\GamePH\Weapon</Filter>
    </ClCompile>
    <ClCompile Include="src\GamePH\World\WorldRuntime.cpp">
      <Filter>src\GamePH\World</Filter>
    </ClCompile>
    <ClCompile Include="src\GamePH\World\WorldSnowRuntime.cpp">
      <Filter>src\GamePH\World</Filter>
    </ClCompile>
    <ClCompile Include="src\GamePH\World\WorldTimeRuntime.cpp">
      <Filter>src\GamePH\World</Filter>
    </ClCompile>
    <ClCompile Include="src\GamePH\World\WorldWeatherRuntime.cpp">
      <Filter>src\GamePH\World</Filter>
    </ClCompile>
    <ClCompile Include="src\GamePH\World\PrefabSpawnRuntime.cpp">
      <Filter>src\GamePH\World</Filter>
    </ClCompile>
    <ClCompile Include="src\ImGui_impl\D3D11_impl.cpp">
      <Filter>src\ImGui_impl</Filter>
    </ClCompile>
    <ClCompile Include="src\ImGui_impl\D3D12_impl.cpp">
      <Filter>src\ImGui_impl</Filter>
    </ClCompile>
    <ClCompile Include="src\ImGui_impl\D3D12_MicaBlur.cpp">
      <Filter>src\ImGui_impl</Filter>
    </ClCompile>
    <ClCompile Include="src\ImGui_impl\Win32_impl.cpp">
      <Filter>src\ImGui_impl</Filter>
    </ClCompile>
    <ClCompile Include="src\Menu\Init.cpp">
      <Filter>src\Menu</Filter>
    </ClCompile>
    <ClCompile Include="src\Menu\Menu.cpp">
      <Filter>src\Menu</Filter>
    </ClCompile>
    <ClCompile Include="src\Menu\Menu\SettingsPanel.cpp">
      <Filter>src\Menu\Menu</Filter>
    </ClCompile>
    <ClCompile Include="src\Menu\Menu\TabRegistry.cpp">
      <Filter>src\Menu\Menu</Filter>
    </ClCompile>
    <ClCompile Include="src\Menu\Misc.cpp">
      <Filter>src\Menu</Filter>
    </ClCompile>
    <ClCompile Include="src\Menu\Player.cpp">
      <Filter>src\Menu</Filter>
    </ClCompile>
    <ClCompile Include="src\Menu\Teleport.cpp">
      <Filter>src\Menu</Filter>
    </ClCompile>
    <ClCompile Include="src\Menu\Weapon.cpp">
      <Filter>src\Menu</Filter>
    </ClCompile>
    <ClCompile Include="src\Menu\Debug.cpp">
      <Filter>src\Menu</Filter>
    </ClCompile>
    <ClCompile Include="src\Utils\Texture.cpp">
      <Filter>src\Utils</Filter>
    </ClCompile>
    <ClCompile Include="deps\ImGui\imguiex.cpp">
      <Filter>deps\ImGui</Filter>
    </ClCompile>
    <ClCompile Include="deps\ImGui\imguiex_animation.cpp">
      <Filter>deps\ImGui</Filter>
    </ClCompile>
    <ClCompile Include="src\ImGui_impl\NextFrameTask.cpp">
      <Filter>src\ImGui_impl</Filter>
    </ClCompile>
    <ClCompile Include="src\ImGui_impl\DeferredActions.cpp">
      <Filter>src\ImGui_impl</Filter>
    </ClCompile>
    <ClCompile Include="src\Menu\VarList.cpp">
      <Filter>src\Menu</Filter>
    </ClCompile>
    <ClCompile Include="src\Menu\Camera.cpp">
      <Filter>src\Menu</Filter>
    </ClCompile>
    <ClCompile Include="src\Menu\World.cpp">
      <Filter>src\Menu</Filter>
    </ClCompile>
  </ItemGroup>
  <ItemGroup>
    <ClInclude Include="include\EGT\Config\Config.h">
      <Filter>include\Config</Filter>
    </ClInclude>
    <ClInclude Include="include\EGT\Config\ConfigPaths.h">
      <Filter>include\Config</Filter>
    </ClInclude>
    <ClInclude Include="include\EGT\Config\SettingsStore.h">
      <Filter>include\Config</Filter>
    </ClInclude>
    <ClInclude Include="include\EGT\Config\TomlDocument.h">
      <Filter>include\Config</Filter>
    </ClInclude>
    <ClInclude Include="include\EGT\Config\TeleportStore.h">
      <Filter>include\Config</Filter>
    </ClInclude>
    <ClInclude Include="include\EGT\Engine\Engine_Hooks.h">
      <Filter>include\Engine</Filter>
    </ClInclude>
    <ClInclude Include="include\EGT\ImGui_impl\D3D11_impl.h">
      <Filter>include\ImGui_impl</Filter>
    </ClInclude>
    <ClInclude Include="include\EGT\ImGui_impl\D3D12_impl.h">
      <Filter>include\ImGui_impl</Filter>
    </ClInclude>
    <ClInclude Include="include\EGT\ImGui_impl\Win32_impl.h">
      <Filter>include\ImGui_impl</Filter>
    </ClInclude>
    <ClInclude Include="include\EGT\Menu\Debug.h">
      <Filter>include\Menu</Filter>
    </ClInclude>
    <ClInclude Include="include\EGT\Menu\Init.h">
      <Filter>include\Menu</Filter>
    </ClInclude>
    <ClInclude Include="include\EGT\Menu\Menu.h">
      <Filter>include\Menu</Filter>
    </ClInclude>
    <ClInclude Include="include\EGT\Menu\MenuIcons.h">
      <Filter>include\Menu</Filter>
    </ClInclude>
    <ClInclude Include="include\EGT\Menu\MenuView.h">
      <Filter>include\Menu</Filter>
    </ClInclude>
    <ClInclude Include="include\EGT\Menu\Misc.h">
      <Filter>include\Menu</Filter>
    </ClInclude>
    <ClInclude Include="include\EGT\Menu\Player.h">
      <Filter>include\Menu</Filter>
    </ClInclude>
    <ClInclude Include="include\EGT\Menu\Teleport.h">
      <Filter>include\Menu</Filter>
    </ClInclude>
    <ClInclude Include="include\EGT\Menu\Weapon.h">
      <Filter>include\Menu</Filter>
    </ClInclude>
    <ClInclude Include="include\EGT\Menu\World.h">
      <Filter>include\Menu</Filter>
    </ClInclude>
    <ClInclude Include="include\EGT\Menu\Camera.h">
      <Filter>include\Menu</Filter>
    </ClInclude>
    <ClInclude Include="include\EGT\Utils\Texture.h">
      <Filter>include\Utils</Filter>
    </ClInclude>
    <ClInclude Include="include\EGT\Changelog.h">
      <Filter>include</Filter>
    </ClInclude>
    <ClInclude Include="include\EGT\Core\Core.h">
      <Filter>include\Core</Filter>
    </ClInclude>
    <ClInclude Include="include\EGT\ImGui_impl\DeferredActions.h">
      <Filter>include\ImGui_impl</Filter>
    </ClInclude>
    <ClInclude Include="deps\ImGui\imgui_hotkey.h">
      <Filter>deps\ImGui</Filter>
    </ClInclude>
    <ClInclude Include="deps\ImGui\imguiex.h">
      <Filter>deps\ImGui</Filter>
    </ClInclude>
    <ClInclude Include="deps\ImGui\imguiex_animation.h">
      <Filter>deps\ImGui</Filter>
    </ClInclude>
    <ClInclude Include="include\EGT\GamePH\GamePH_Hooks.h">
      <Filter>include\GamePH</Filter>
    </ClInclude>
    <ClInclude Include="include\EGT\GamePH\Camera\CameraFOV.h">
      <Filter>include\GamePH\Camera</Filter>
    </ClInclude>
    <ClInclude Include="include\EGT\GamePH\Camera\CameraDollyRuntime.h">
      <Filter>include\GamePH\Camera</Filter>
    </ClInclude>
    <ClInclude Include="include\EGT\GamePH\Camera\CameraRuntime_Internal.h">
      <Filter>include\GamePH\Camera</Filter>
    </ClInclude>
    <ClInclude Include="include\EGT\GamePH\Camera\CameraRuntime.h">
      <Filter>include\GamePH\Camera</Filter>
    </ClInclude>
    <ClInclude Include="include\EGT\GamePH\Misc\MiscRuntime.h">
      <Filter>include\GamePH\Misc</Filter>
    </ClInclude>
    <ClInclude Include="include\EGT\GamePH\Misc\MiscRuntime_Internal.h">
      <Filter>include\GamePH\Misc</Filter>
    </ClInclude>
    <ClInclude Include="include\EGT\GamePH\Player\PlayerRuntime.h">
      <Filter>include\GamePH\Player</Filter>
    </ClInclude>
    <ClInclude Include="include\EGT\GamePH\Player\PlayerRuntime_Internal.h">
      <Filter>include\GamePH\Player</Filter>
    </ClInclude>
    <ClInclude Include="include\EGT\GamePH\Teleport\TeleportRuntime.h">
      <Filter>include\GamePH\Teleport</Filter>
    </ClInclude>
    <ClInclude Include="include\EGT\GamePH\Teleport\TeleportRuntime_Internal.h">
      <Filter>include\GamePH\Teleport</Filter>
    </ClInclude>
    <ClInclude Include="include\EGT\GamePH\Weapon\WeaponRuntime.h">
      <Filter>include\GamePH\Weapon</Filter>
    </ClInclude>
    <ClInclude Include="include\EGT\GamePH\Weapon\WeaponRuntime_Internal.h">
      <Filter>include\GamePH\Weapon</Filter>
    </ClInclude>
    <ClInclude Include="include\EGT\GamePH\World\PrefabSpawnRuntime.h">
      <Filter>include\GamePH\World</Filter>
    </ClInclude>
    <ClInclude Include="include\EGT\GamePH\World\WorldRuntime.h">
      <Filter>include\GamePH\World</Filter>
    </ClInclude>
    <ClInclude Include="include\EGT\GamePH\World\WorldRuntime_Internal.h">
      <Filter>include\GamePH\World</Filter>
    </ClInclude>
    <ClInclude Include="include\EGT\ImGui_impl\NextFrameTask.h">
      <Filter>include\ImGui_impl</Filter>
    </ClInclude>
    <ClInclude Include="include\EGT\Menu\VarList.h">
      <Filter>include\Menu</Filter>
    </ClInclude>
  </ItemGroup>
</Project>